
Microsoft Visual Studio Solution File, Format Version 12.00
# Visual Studio 2013
VisualStudioVersion = 12.0.30110.0
MinimumVisualStudioVersion = 10.0.40219.1
Project("{2150E333-8FDC-42A3-9474-1A3956D46DE8}") = ".paket", ".paket", "{F1C79FCC-281F-4339-A54E-4ECB28E22D06}"
Project("{2150E333-8FDC-42A3-9474-1A3956D46DE8}") = ".paket", ".paket", "{3F96B803-B577-49EF-80BE-9185D114135F}"
	ProjectSection(SolutionItems) = preProject
		paket.dependencies = paket.dependencies
	EndProjectSection
EndProject
Project("{FAE04EC0-301F-11D3-BF4B-00C04F79EFBC}") = "WebApi", "src\SqlClient.Samples\WebApi\WebApi.csproj", "{EB1F8003-352C-448B-81AC-9823BEB1B325}"
EndProject
Project("{F2A71F9B-5D33-465A-A702-920D77279786}") = "WebApi.Controllers", "src\SqlClient.Samples\WebApi.Controllers\WebApi.Controllers.fsproj", "{92308B2E-43B4-4C4C-9446-87D02C4E455D}"
EndProject
Project("{F2A71F9B-5D33-465A-A702-920D77279786}") = "WpfDataBinding", "src\SqlClient.Samples\WpfDataBinding\WpfDataBinding.fsproj", "{3BA10AE4-4E31-4588-B77F-AB971DB27219}"
EndProject
Global
	GlobalSection(SolutionConfigurationPlatforms) = preSolution
		Debug|Any CPU = Debug|Any CPU
		Release|Any CPU = Release|Any CPU
	EndGlobalSection
	GlobalSection(ProjectConfigurationPlatforms) = postSolution
		{EB1F8003-352C-448B-81AC-9823BEB1B325}.Debug|Any CPU.ActiveCfg = Debug|Any CPU
		{EB1F8003-352C-448B-81AC-9823BEB1B325}.Debug|Any CPU.Build.0 = Debug|Any CPU
		{EB1F8003-352C-448B-81AC-9823BEB1B325}.Release|Any CPU.ActiveCfg = Release|Any CPU
		{EB1F8003-352C-448B-81AC-9823BEB1B325}.Release|Any CPU.Build.0 = Release|Any CPU
		{92308B2E-43B4-4C4C-9446-87D02C4E455D}.Debug|Any CPU.ActiveCfg = Debug|Any CPU
		{92308B2E-43B4-4C4C-9446-87D02C4E455D}.Debug|Any CPU.Build.0 = Debug|Any CPU
		{92308B2E-43B4-4C4C-9446-87D02C4E455D}.Release|Any CPU.ActiveCfg = Release|Any CPU
		{92308B2E-43B4-4C4C-9446-87D02C4E455D}.Release|Any CPU.Build.0 = Release|Any CPU
		{3BA10AE4-4E31-4588-B77F-AB971DB27219}.Debug|Any CPU.ActiveCfg = Debug|Any CPU
		{3BA10AE4-4E31-4588-B77F-AB971DB27219}.Debug|Any CPU.Build.0 = Debug|Any CPU
		{3BA10AE4-4E31-4588-B77F-AB971DB27219}.Release|Any CPU.ActiveCfg = Release|Any CPU
		{3BA10AE4-4E31-4588-B77F-AB971DB27219}.Release|Any CPU.Build.0 = Release|Any CPU
	EndGlobalSection
	GlobalSection(SolutionProperties) = preSolution
		HideSolutionNode = FALSE
	EndGlobalSection
EndGlobal
