
Microsoft Visual Studio Solution File, Format Version 12.00
# Visual Studio Version 17
VisualStudioVersion = 17.9.34310.174
MinimumVisualStudioVersion = 10.0.40219.1
Project("{2150E333-8FDC-42A3-9474-1A3956D46DE8}") = ".paket", ".paket", "{3F96B803-B577-49EF-80BE-9185D114135F}"
ProjectSection(SolutionItems) = preProject
paket.dependencies = paket.dependencies
EndProjectSection
EndProject
Project("{6EC3EE1D-3C4E-46DD-8F32-0CC8E7565705}") = "ConsoleSample", "src\SqlClient.Samples\ConsoleSample\ConsoleSample.fsproj", "{A1234567-0000-0000-0000-000000000001}"
EndProject
Global
GlobalSection(SolutionConfigurationPlatforms) = preSolution
Debug|Any CPU = Debug|Any CPU
Release|Any CPU = Release|Any CPU
EndGlobalSection
GlobalSection(ProjectConfigurationPlatforms) = postSolution
{A1234567-0000-0000-0000-000000000001}.Debug|Any CPU.ActiveCfg = Debug|Any CPU
{A1234567-0000-0000-0000-000000000001}.Debug|Any CPU.Build.0 = Debug|Any CPU
{A1234567-0000-0000-0000-000000000001}.Release|Any CPU.ActiveCfg = Release|Any CPU
{A1234567-0000-0000-0000-000000000001}.Release|Any CPU.Build.0 = Release|Any CPU
EndGlobalSection
GlobalSection(SolutionProperties) = preSolution
HideSolutionNode = FALSE
EndGlobalSection
GlobalSection(ExtensibilityGlobals) = postSolution
SolutionGuid = {A9632901-B577-49EF-80BE-9185D114135F}
EndGlobalSection
EndGlobal
