
Microsoft Visual Studio Solution File, Format Version 12.00
# Visual Studio 14
VisualStudioVersion = 14.0.24720.0
MinimumVisualStudioVersion = 10.0.40219.1
Project("{2150E333-8FDC-42A3-9474-1A3956D46DE8}") = ".nuget", ".nuget", "{7ECDF2A7-A71C-43B5-AFF2-64468098B7B6}"
	ProjectSection(SolutionItems) = preProject
		.nuget\NuGet.Config = .nuget\NuGet.Config
		.nuget\NuGet.exe = .nuget\NuGet.exe
		.nuget\NuGet.targets = .nuget\NuGet.targets
		nuget\SqlClient.nuspec = nuget\SqlClient.nuspec
	EndProjectSection
EndProject
Project("{2150E333-8FDC-42A3-9474-1A3956D46DE8}") = "Solution Items", "Solution Items", "{9E58B00A-A993-4542-B40F-C58AC1A9AA4D}"
	ProjectSection(SolutionItems) = preProject
		build.fsx = build.fsx
		LICENSE.md = LICENSE.md
		README.md = README.md
		RELEASE_NOTES.md = RELEASE_NOTES.md
	EndProjectSection
EndProject
Project("{2150E333-8FDC-42A3-9474-1A3956D46DE8}") = "docs", "docs", "{61AC061E-5824-41B7-8E09-8D3A73D564E5}"
EndProject
Project("{2150E333-8FDC-42A3-9474-1A3956D46DE8}") = "content", "content", "{4B60BF24-D078-4950-A994-A633FBC272EB}"
	ProjectSection(SolutionItems) = preProject
		docs\content\comparison.fsx = docs\content\comparison.fsx
		docs\content\configuration and input.fsx = docs\content\configuration and input.fsx
		docs\content\data modification.fsx = docs\content\data modification.fsx
		docs\content\faq.fsx = docs\content\faq.fsx
		docs\content\index.fsx = docs\content\index.fsx
		docs\content\output.fsx = docs\content\output.fsx
		docs\content\samples.fsx = docs\content\samples.fsx
		docs\content\setup.fsx = docs\content\setup.fsx
		docs\content\SqlClientComparison.md = docs\content\SqlClientComparison.md
		docs\content\sqlenumprovider.quickstart.fsx = docs\content\sqlenumprovider.quickstart.fsx
		docs\content\transactions.fsx = docs\content\transactions.fsx
	EndProjectSection
EndProject
Project("{2150E333-8FDC-42A3-9474-1A3956D46DE8}") = "tools", "tools", "{573DBBFB-0F97-4327-8614-6A4151CD70BF}"
	ProjectSection(SolutionItems) = preProject
		docs\tools\generate.fsx = docs\tools\generate.fsx
	EndProjectSection
EndProject
Project("{2150E333-8FDC-42A3-9474-1A3956D46DE8}") = "templates", "templates", "{CB79269B-025B-4D6A-AF84-0AD821F6A602}"
	ProjectSection(SolutionItems) = preProject
		docs\tools\templates\template.cshtml = docs\tools\templates\template.cshtml
	EndProjectSection
EndProject
Project("{F2A71F9B-5D33-465A-A702-920D77279786}") = "SqlClient", "src\SqlClient\SqlClient.fsproj", "{8974CE2E-79B4-4887-859A-B853C2624138}"
EndProject
Global
	GlobalSection(SolutionConfigurationPlatforms) = preSolution
		Debug|Any CPU = Debug|Any CPU
		Release|Any CPU = Release|Any CPU
	EndGlobalSection
	GlobalSection(ProjectConfigurationPlatforms) = postSolution
		{8974CE2E-79B4-4887-859A-B853C2624138}.Debug|Any CPU.ActiveCfg = Debug|Any CPU
		{8974CE2E-79B4-4887-859A-B853C2624138}.Debug|Any CPU.Build.0 = Debug|Any CPU
		{8974CE2E-79B4-4887-859A-B853C2624138}.Release|Any CPU.ActiveCfg = Release|Any CPU
		{8974CE2E-79B4-4887-859A-B853C2624138}.Release|Any CPU.Build.0 = Release|Any CPU
	EndGlobalSection
	GlobalSection(SolutionProperties) = preSolution
		HideSolutionNode = FALSE
	EndGlobalSection
	GlobalSection(NestedProjects) = preSolution
		{4B60BF24-D078-4950-A994-A633FBC272EB} = {61AC061E-5824-41B7-8E09-8D3A73D564E5}
		{573DBBFB-0F97-4327-8614-6A4151CD70BF} = {61AC061E-5824-41B7-8E09-8D3A73D564E5}
		{CB79269B-025B-4D6A-AF84-0AD821F6A602} = {573DBBFB-0F97-4327-8614-6A4151CD70BF}
	EndGlobalSection
EndGlobal
