
Microsoft Visual Studio Solution File, Format Version 12.00
# Visual Studio 2013
VisualStudioVersion = 12.0.30110.0
MinimumVisualStudioVersion = 10.0.40219.1
Project("{F2A71F9B-5D33-465A-A702-920D77279786}") = "SqlProgrammabilityProvider.DesignTime", "src\SqlProgrammabilityProvider.DesignTime\SqlProgrammabilityProvider.DesignTime.fsproj", "{5C446259-5D6E-40DB-9998-3BF0863AA69C}"
EndProject
Project("{F2A71F9B-5D33-465A-A702-920D77279786}") = "SqlProgrammabilityProvider", "src\SqlProgrammabilityProvider\SqlProgrammabilityProvider.fsproj", "{E16643D1-3825-4571-BE41-3FDA49A7A6D5}"
	ProjectSection(ProjectDependencies) = postProject
		{5C446259-5D6E-40DB-9998-3BF0863AA69C} = {5C446259-5D6E-40DB-9998-3BF0863AA69C}
	EndProjectSection
EndProject
Project("{F2A71F9B-5D33-465A-A702-920D77279786}") = "SqlProgrammabilityProvider.Runtime", "src\SqlProgrammabilityProvider.Runtime\SqlProgrammabilityProvider.Runtime.fsproj", "{60532E40-56BB-4A89-A486-6B95F0A94BA9}"
EndProject
Project("{2150E333-8FDC-42A3-9474-1A3956D46DE8}") = "Solution Items", "Solution Items", "{D3B59002-0312-4045-BFFE-DB33070CC0C4}"
	ProjectSection(SolutionItems) = preProject
		DefaultParameters.sql = DefaultParameters.sql
		src\SqlProgrammability.fsx = src\SqlProgrammability.fsx
	EndProjectSection
EndProject
Project("{F2A71F9B-5D33-465A-A702-920D77279786}") = "Test", "Test\Test.fsproj", "{C966B256-9A31-45FB-A1DB-DC4F8B33803A}"
EndProject
Global
	GlobalSection(SolutionConfigurationPlatforms) = preSolution
		Debug|Any CPU = Debug|Any CPU
		Release|Any CPU = Release|Any CPU
	EndGlobalSection
	GlobalSection(ProjectConfigurationPlatforms) = postSolution
		{5C446259-5D6E-40DB-9998-3BF0863AA69C}.Debug|Any CPU.ActiveCfg = Debug|Any CPU
		{5C446259-5D6E-40DB-9998-3BF0863AA69C}.Debug|Any CPU.Build.0 = Debug|Any CPU
		{5C446259-5D6E-40DB-9998-3BF0863AA69C}.Release|Any CPU.ActiveCfg = Release|Any CPU
		{5C446259-5D6E-40DB-9998-3BF0863AA69C}.Release|Any CPU.Build.0 = Release|Any CPU
		{E16643D1-3825-4571-BE41-3FDA49A7A6D5}.Debug|Any CPU.ActiveCfg = Debug|Any CPU
		{E16643D1-3825-4571-BE41-3FDA49A7A6D5}.Debug|Any CPU.Build.0 = Debug|Any CPU
		{E16643D1-3825-4571-BE41-3FDA49A7A6D5}.Release|Any CPU.ActiveCfg = Release|Any CPU
		{E16643D1-3825-4571-BE41-3FDA49A7A6D5}.Release|Any CPU.Build.0 = Release|Any CPU
		{60532E40-56BB-4A89-A486-6B95F0A94BA9}.Debug|Any CPU.ActiveCfg = Debug|Any CPU
		{60532E40-56BB-4A89-A486-6B95F0A94BA9}.Debug|Any CPU.Build.0 = Debug|Any CPU
		{60532E40-56BB-4A89-A486-6B95F0A94BA9}.Release|Any CPU.ActiveCfg = Release|Any CPU
		{60532E40-56BB-4A89-A486-6B95F0A94BA9}.Release|Any CPU.Build.0 = Release|Any CPU
		{C966B256-9A31-45FB-A1DB-DC4F8B33803A}.Debug|Any CPU.ActiveCfg = Debug|Any CPU
		{C966B256-9A31-45FB-A1DB-DC4F8B33803A}.Debug|Any CPU.Build.0 = Debug|Any CPU
		{C966B256-9A31-45FB-A1DB-DC4F8B33803A}.Release|Any CPU.ActiveCfg = Release|Any CPU
		{C966B256-9A31-45FB-A1DB-DC4F8B33803A}.Release|Any CPU.Build.0 = Release|Any CPU
	EndGlobalSection
	GlobalSection(SolutionProperties) = preSolution
		HideSolutionNode = FALSE
	EndGlobalSection
EndGlobal
